
Microsoft Visual Studio Solution File, Format Version 12.00
# Visual Studio Version 16
VisualStudioVersion = 16.0.34902.97
MinimumVisualStudioVersion = 10.0.40219.1
Project("{FAE04EC0-301F-11D3-BF4B-00C04F79EFBC}") = "WebApplication8", "WebApplication8\WebApplication8.csproj", "{F5152F00-C923-410B-AB28-819E5C65F67C}"
EndProject
Global
	GlobalSection(SolutionConfigurationPlatforms) = preSolution
		Debug|Any CPU = Debug|Any CPU
		Release|Any CPU = Release|Any CPU
	EndGlobalSection
	GlobalSection(ProjectConfigurationPlatforms) = postSolution
		{F5152F00-C923-410B-AB28-819E5C65F67C}.Debug|Any CPU.ActiveCfg = Debug|Any CPU
		{F5152F00-C923-410B-AB28-819E5C65F67C}.Debug|Any CPU.Build.0 = Debug|Any CPU
		{F5152F00-C923-410B-AB28-819E5C65F67C}.Release|Any CPU.ActiveCfg = Release|Any CPU
		{F5152F00-C923-410B-AB28-819E5C65F67C}.Release|Any CPU.Build.0 = Release|Any CPU
	EndGlobalSection
	GlobalSection(SolutionProperties) = preSolution
		HideSolutionNode = FALSE
	EndGlobalSection
	GlobalSection(ExtensibilityGlobals) = postSolution
		SolutionGuid = {7DE0B1F8-E824-4AAB-9E3B-25EEB540705B}
	EndGlobalSection
EndGlobal
